Microsoft Visual Studio Solution File, Format Version 12.00
# Visual Studio Version 16
VisualStudioVersion = 16.0.30104.148
MinimumVisualStudioVersion = 10.0.40219.1
Project("{2150E333-8FDC-42A3-9474-1A3956D46DE8}") = "QJB.Tool", "QJB.Tool", "{6429CB0D-1A08-4606-952F-9C04EA11A6AF}"
EndProject
Project("{FAE04EC0-301F-11D3-BF4B-00C04F79EFBC}") = "QJB.Tools", "QJB.Tools\QJB.Tools.csproj", "{CE7AA1F0-F445-46B1-B409-F9C89E365076}"
EndProject
Project("{2150E333-8FDC-42A3-9474-1A3956D46DE8}") = "QJB.WebSite", "QJB.WebSite", "{F76A8F47-CC8C-4E10-B7D5-CA92245F14B3}"
EndProject
Project("{FAE04EC0-301F-11D3-BF4B-00C04F79EFBC}") = "QJB.Server", "QJB\Server\QJB.Server.csproj", "{41432058-2280-4582-BA31-079016235154}"
EndProject
Project("{FAE04EC0-301F-11D3-BF4B-00C04F79EFBC}") = "QJB.Client", "QJB\Client\QJB.Client.csproj", "{E7C4A964-77B1-4A5B-9110-F20F461C1CDB}"
EndProject
Project("{FAE04EC0-301F-11D3-BF4B-00C04F79EFBC}") = "QJB.Shared", "QJB\Shared\QJB.Shared.csproj", "{372DDD30-845A-4539-8C26-C6694D8CDFEC}"
EndProject
Project("{2150E333-8FDC-42A3-9474-1A3956D46DE8}") = "QJB.Repository", "QJB.Repository", "{E21B535A-1116-47C4-AC2C-DB9FF2AB88F8}"
EndProject
Project("{FAE04EC0-301F-11D3-BF4B-00C04F79EFBC}") = "QJB.Models", "QJB.Models\QJB.Models.csproj", "{49392D4F-19EF-42FD-A9E6-E0E8A0B5C9F2}"
EndProject
Project("{FAE04EC0-301F-11D3-BF4B-00C04F79EFBC}") = "QJB.IRepository", "QJB.IRepository\QJB.IRepository.csproj", "{CD513D83-5C7B-4525-8BBB-8CBFFF0D54D9}"
EndProject
Project("{FAE04EC0-301F-11D3-BF4B-00C04F79EFBC}") = "QJB.ImplRepository", "QJB.ImplRepository\QJB.ImplRepository.csproj", "{37BBEE48-778C-423D-A4E1-35240900638C}"
EndProject
Project("{2150E333-8FDC-42A3-9474-1A3956D46DE8}") = "QJB.Reference", "QJB.Reference", "{FD6631AC-34DE-4E54-B9B9-733726824595}"
EndProject
Project("{FAE04EC0-301F-11D3-BF4B-00C04F79EFBC}") = "QJB.Dapper", "QJB.Dapper\QJB.Dapper.csproj", "{846B27B1-2950-40CF-8D31-6C49EF01C455}"
EndProject
Project("{2150E333-8FDC-42A3-9474-1A3956D46DE8}") = "QJB.Service", "QJB.Service", "{FE8B6C17-A63A-4F4C-850C-CAD58D6ADE13}"
EndProject
Project("{FAE04EC0-301F-11D3-BF4B-00C04F79EFBC}") = "QJB.IServices", "QJB.IServices\QJB.IServices.csproj", "{8CE5ECAD-71BE-4DE8-A667-C1519429B69D}"
EndProject
Project("{FAE04EC0-301F-11D3-BF4B-00C04F79EFBC}") = "ImplServices", "ImplServices\ImplServices.csproj", "{5B8C61D6-8206-4DDC-8AC3-1043C361D649}"
EndProject
Project("{FAE04EC0-301F-11D3-BF4B-00C04F79EFBC}") = "QJB.LogExtend", "QJB.LogExtend\QJB.LogExtend.csproj", "{DAB77E77-1096-4387-90F0-D9682034C903}"
EndProject
Project("{FAE04EC0-301F-11D3-BF4B-00C04F79EFBC}") = "QJB.MongoDB", "QJB.MongoDB\QJB.MongoDB.csproj", "{496590A0-50B5-4FF6-8662-E90C27543471}"
EndProject
Global
	GlobalSection(SolutionConfigurationPlatforms) = preSolution
		Debug|Any CPU = Debug|Any CPU
		Release|Any CPU = Release|Any CPU
	EndGlobalSection
	GlobalSection(ProjectConfigurationPlatforms) = postSolution
		{CE7AA1F0-F445-46B1-B409-F9C89E365076}.Debug|Any CPU.ActiveCfg = Debug|Any CPU
		{CE7AA1F0-F445-46B1-B409-F9C89E365076}.Debug|Any CPU.Build.0 = Debug|Any CPU
		{CE7AA1F0-F445-46B1-B409-F9C89E365076}.Release|Any CPU.ActiveCfg = Release|Any CPU
		{CE7AA1F0-F445-46B1-B409-F9C89E365076}.Release|Any CPU.Build.0 = Release|Any CPU
		{41432058-2280-4582-BA31-079016235154}.Debug|Any CPU.ActiveCfg = Debug|Any CPU
		{41432058-2280-4582-BA31-079016235154}.Debug|Any CPU.Build.0 = Debug|Any CPU
		{41432058-2280-4582-BA31-079016235154}.Release|Any CPU.ActiveCfg = Release|Any CPU
		{41432058-2280-4582-BA31-079016235154}.Release|Any CPU.Build.0 = Release|Any CPU
		{E7C4A964-77B1-4A5B-9110-F20F461C1CDB}.Debug|Any CPU.ActiveCfg = Debug|Any CPU
		{E7C4A964-77B1-4A5B-9110-F20F461C1CDB}.Debug|Any CPU.Build.0 = Debug|Any CPU
		{E7C4A964-77B1-4A5B-9110-F20F461C1CDB}.Release|Any CPU.ActiveCfg = Release|Any CPU
		{E7C4A964-77B1-4A5B-9110-F20F461C1CDB}.Release|Any CPU.Build.0 = Release|Any CPU
		{372DDD30-845A-4539-8C26-C6694D8CDFEC}.Debug|Any CPU.ActiveCfg = Debug|Any CPU
		{372DDD30-845A-4539-8C26-C6694D8CDFEC}.Debug|Any CPU.Build.0 = Debug|Any CPU
		{372DDD30-845A-4539-8C26-C6694D8CDFEC}.Release|Any CPU.ActiveCfg = Release|Any CPU
		{372DDD30-845A-4539-8C26-C6694D8CDFEC}.Release|Any CPU.Build.0 = Release|Any CPU
		{49392D4F-19EF-42FD-A9E6-E0E8A0B5C9F2}.Debug|Any CPU.ActiveCfg = Debug|Any CPU
		{49392D4F-19EF-42FD-A9E6-E0E8A0B5C9F2}.Debug|Any CPU.Build.0 = Debug|Any CPU
		{49392D4F-19EF-42FD-A9E6-E0E8A0B5C9F2}.Release|Any CPU.ActiveCfg = Release|Any CPU
		{49392D4F-19EF-42FD-A9E6-E0E8A0B5C9F2}.Release|Any CPU.Build.0 = Release|Any CPU
		{CD513D83-5C7B-4525-8BBB-8CBFFF0D54D9}.Debug|Any CPU.ActiveCfg = Debug|Any CPU
		{CD513D83-5C7B-4525-8BBB-8CBFFF0D54D9}.Debug|Any CPU.Build.0 = Debug|Any CPU
		{CD513D83-5C7B-4525-8BBB-8CBFFF0D54D9}.Release|Any CPU.ActiveCfg = Release|Any CPU
		{CD513D83-5C7B-4525-8BBB-8CBFFF0D54D9}.Release|Any CPU.Build.0 = Release|Any CPU
		{37BBEE48-778C-423D-A4E1-35240900638C}.Debug|Any CPU.ActiveCfg = Debug|Any CPU
		{37BBEE48-778C-423D-A4E1-35240900638C}.Debug|Any CPU.Build.0 = Debug|Any CPU
		{37BBEE48-778C-423D-A4E1-35240900638C}.Release|Any CPU.ActiveCfg = Release|Any CPU
		{37BBEE48-778C-423D-A4E1-35240900638C}.Release|Any CPU.Build.0 = Release|Any CPU
		{846B27B1-2950-40CF-8D31-6C49EF01C455}.Debug|Any CPU.ActiveCfg = Debug|Any CPU
		{846B27B1-2950-40CF-8D31-6C49EF01C455}.Debug|Any CPU.Build.0 = Debug|Any CPU
		{846B27B1-2950-40CF-8D31-6C49EF01C455}.Release|Any CPU.ActiveCfg = Release|Any CPU
		{846B27B1-2950-40CF-8D31-6C49EF01C455}.Release|Any CPU.Build.0 = Release|Any CPU
		{8CE5ECAD-71BE-4DE8-A667-C1519429B69D}.Debug|Any CPU.ActiveCfg = Debug|Any CPU
		{8CE5ECAD-71BE-4DE8-A667-C1519429B69D}.Debug|Any CPU.Build.0 = Debug|Any CPU
		{8CE5ECAD-71BE-4DE8-A667-C1519429B69D}.Release|Any CPU.ActiveCfg = Release|Any CPU
		{8CE5ECAD-71BE-4DE8-A667-C1519429B69D}.Release|Any CPU.Build.0 = Release|Any CPU
		{5B8C61D6-8206-4DDC-8AC3-1043C361D649}.Debug|Any CPU.ActiveCfg = Debug|Any CPU
		{5B8C61D6-8206-4DDC-8AC3-1043C361D649}.Debug|Any CPU.Build.0 = Debug|Any CPU
		{5B8C61D6-8206-4DDC-8AC3-1043C361D649}.Release|Any CPU.ActiveCfg = Release|Any CPU
		{5B8C61D6-8206-4DDC-8AC3-1043C361D649}.Release|Any CPU.Build.0 = Release|Any CPU
		{DAB77E77-1096-4387-90F0-D9682034C903}.Debug|Any CPU.ActiveCfg = Debug|Any CPU
		{DAB77E77-1096-4387-90F0-D9682034C903}.Debug|Any CPU.Build.0 = Debug|Any CPU
		{DAB77E77-1096-4387-90F0-D9682034C903}.Release|Any CPU.ActiveCfg = Release|Any CPU
		{DAB77E77-1096-4387-90F0-D9682034C903}.Release|Any CPU.Build.0 = Release|Any CPU
		{496590A0-50B5-4FF6-8662-E90C27543471}.Debug|Any CPU.ActiveCfg = Debug|Any CPU
		{496590A0-50B5-4FF6-8662-E90C27543471}.Debug|Any CPU.Build.0 = Debug|Any CPU
		{496590A0-50B5-4FF6-8662-E90C27543471}.Release|Any CPU.ActiveCfg = Release|Any CPU
		{496590A0-50B5-4FF6-8662-E90C27543471}.Release|Any CPU.Build.0 = Release|Any CPU
	EndGlobalSection
	GlobalSection(SolutionProperties) = preSolution
		HideSolutionNode = FALSE
	EndGlobalSection
	GlobalSection(NestedProjects) = preSolution
		{CE7AA1F0-F445-46B1-B409-F9C89E365076} = {6429CB0D-1A08-4606-952F-9C04EA11A6AF}
		{41432058-2280-4582-BA31-079016235154} = {F76A8F47-CC8C-4E10-B7D5-CA92245F14B3}
		{E7C4A964-77B1-4A5B-9110-F20F461C1CDB} = {F76A8F47-CC8C-4E10-B7D5-CA92245F14B3}
		{372DDD30-845A-4539-8C26-C6694D8CDFEC} = {F76A8F47-CC8C-4E10-B7D5-CA92245F14B3}
		{49392D4F-19EF-42FD-A9E6-E0E8A0B5C9F2} = {E21B535A-1116-47C4-AC2C-DB9FF2AB88F8}
		{CD513D83-5C7B-4525-8BBB-8CBFFF0D54D9} = {E21B535A-1116-47C4-AC2C-DB9FF2AB88F8}
		{37BBEE48-778C-423D-A4E1-35240900638C} = {E21B535A-1116-47C4-AC2C-DB9FF2AB88F8}
		{846B27B1-2950-40CF-8D31-6C49EF01C455} = {FD6631AC-34DE-4E54-B9B9-733726824595}
		{8CE5ECAD-71BE-4DE8-A667-C1519429B69D} = {FE8B6C17-A63A-4F4C-850C-CAD58D6ADE13}
		{5B8C61D6-8206-4DDC-8AC3-1043C361D649} = {FE8B6C17-A63A-4F4C-850C-CAD58D6ADE13}
		{DAB77E77-1096-4387-90F0-D9682034C903} = {FD6631AC-34DE-4E54-B9B9-733726824595}
		{496590A0-50B5-4FF6-8662-E90C27543471} = {FD6631AC-34DE-4E54-B9B9-733726824595}
	EndGlobalSection
	GlobalSection(ExtensibilityGlobals) = postSolution
		SolutionGuid = {3527AD37-31E6-4830-A8CF-D675A5E34E4F}
	EndGlobalSection
EndGlobal
