Microsoft Visual Studio Solution File, Format Version 12.00
# Visual Studio Version 16
VisualStudioVersion = 16.0.30104.148
MinimumVisualStudioVersion = 10.0.40219.1
Project("{2150E333-8FDC-42A3-9474-1A3956D46DE8}") = "Jabo.WebSite", "Jabo.WebSite", "{CB1DDCA5-7FC9-4556-81D1-CDBE57FB08D3}"
EndProject
Project("{2150E333-8FDC-42A3-9474-1A3956D46DE8}") = "Jabo.Tools", "Jabo.Tools", "{C936E8B4-CA56-4195-8133-53C599A9B84C}"
EndProject
Project("{2150E333-8FDC-42A3-9474-1A3956D46DE8}") = "Jabo.Reference", "Jabo.Reference", "{7BF53660-86B8-46AD-952E-2A578FD7B7E3}"
EndProject
Project("{9A19103F-16F7-4668-BE54-9A1E7A4F7556}") = "Jabo.Core", "Jabo.Core\Jabo.Core.csproj", "{DB09FF11-EEAC-48E4-8077-8F352B33F632}"
EndProject
Project("{9A19103F-16F7-4668-BE54-9A1E7A4F7556}") = "Jabo.Console", "Jabo.Console\Jabo.Console.csproj", "{642967E3-B220-4515-9F36-F502C84B9A5D}"
EndProject
Project("{9A19103F-16F7-4668-BE54-9A1E7A4F7556}") = "Jabo.Tools", "Jabo.Tools\Jabo.Tools.csproj", "{F6346655-94B8-425A-BCFD-E6AA6041EBDE}"
EndProject
Project("{9A19103F-16F7-4668-BE54-9A1E7A4F7556}") = "Jabo.Dapper", "Jabo.Dapper\Jabo.Dapper.csproj", "{209E1688-0E83-4BF0-BEDA-E3062D63132F}"
EndProject
Project("{9A19103F-16F7-4668-BE54-9A1E7A4F7556}") = "Jabo.Redis", "Jabo.Redis\Jabo.Redis.csproj", "{FDDAF1A4-B834-4AE0-B6A6-A6212E81A1CB}"
EndProject
Project("{9A19103F-16F7-4668-BE54-9A1E7A4F7556}") = "Jabo.Repository", "Jabo.Repository\Jabo.Repository.csproj", "{EE823F82-463D-4EDA-A421-C16BC180BBFA}"
EndProject
Project("{9A19103F-16F7-4668-BE54-9A1E7A4F7556}") = "Jabo.IRepository", "Jabo.IRepository\Jabo.IRepository.csproj", "{434D06C5-2869-4790-9BAA-A0C6E8BEC36C}"
EndProject
Project("{9A19103F-16F7-4668-BE54-9A1E7A4F7556}") = "Jabo.IServices", "Jabo.IServices\Jabo.IServices.csproj", "{0D08BAC3-26FA-43EB-950B-6A62D57E80B9}"
EndProject
Project("{9A19103F-16F7-4668-BE54-9A1E7A4F7556}") = "Jabo.Services", "Jabo.Services\Jabo.Services.csproj", "{F8F58366-52C7-4E4D-BAFD-C1FC9623791F}"
EndProject
Project("{2150E333-8FDC-42A3-9474-1A3956D46DE8}") = "Jabo.Repository", "Jabo.Repository", "{E7348A2D-089F-4747-9E4E-65B2CECC0BEA}"
EndProject
Project("{2150E333-8FDC-42A3-9474-1A3956D46DE8}") = "Jabo.Services", "Jabo.Services", "{BADCF5B5-F01E-4047-BED1-5949716056F9}"
EndProject
Global
	GlobalSection(SolutionConfigurationPlatforms) = preSolution
		Debug|Any CPU = Debug|Any CPU
		Release|Any CPU = Release|Any CPU
	EndGlobalSection
	GlobalSection(ProjectConfigurationPlatforms) = postSolution
		{DB09FF11-EEAC-48E4-8077-8F352B33F632}.Debug|Any CPU.ActiveCfg = Debug|Any CPU
		{DB09FF11-EEAC-48E4-8077-8F352B33F632}.Debug|Any CPU.Build.0 = Debug|Any CPU
		{DB09FF11-EEAC-48E4-8077-8F352B33F632}.Release|Any CPU.ActiveCfg = Release|Any CPU
		{DB09FF11-EEAC-48E4-8077-8F352B33F632}.Release|Any CPU.Build.0 = Release|Any CPU
		{642967E3-B220-4515-9F36-F502C84B9A5D}.Debug|Any CPU.ActiveCfg = Debug|Any CPU
		{642967E3-B220-4515-9F36-F502C84B9A5D}.Debug|Any CPU.Build.0 = Debug|Any CPU
		{642967E3-B220-4515-9F36-F502C84B9A5D}.Release|Any CPU.ActiveCfg = Release|Any CPU
		{642967E3-B220-4515-9F36-F502C84B9A5D}.Release|Any CPU.Build.0 = Release|Any CPU
		{F6346655-94B8-425A-BCFD-E6AA6041EBDE}.Debug|Any CPU.ActiveCfg = Debug|Any CPU
		{F6346655-94B8-425A-BCFD-E6AA6041EBDE}.Debug|Any CPU.Build.0 = Debug|Any CPU
		{F6346655-94B8-425A-BCFD-E6AA6041EBDE}.Release|Any CPU.ActiveCfg = Release|Any CPU
		{F6346655-94B8-425A-BCFD-E6AA6041EBDE}.Release|Any CPU.Build.0 = Release|Any CPU
		{209E1688-0E83-4BF0-BEDA-E3062D63132F}.Debug|Any CPU.ActiveCfg = Debug|Any CPU
		{209E1688-0E83-4BF0-BEDA-E3062D63132F}.Debug|Any CPU.Build.0 = Debug|Any CPU
		{209E1688-0E83-4BF0-BEDA-E3062D63132F}.Release|Any CPU.ActiveCfg = Release|Any CPU
		{209E1688-0E83-4BF0-BEDA-E3062D63132F}.Release|Any CPU.Build.0 = Release|Any CPU
		{FDDAF1A4-B834-4AE0-B6A6-A6212E81A1CB}.Debug|Any CPU.ActiveCfg = Debug|Any CPU
		{FDDAF1A4-B834-4AE0-B6A6-A6212E81A1CB}.Debug|Any CPU.Build.0 = Debug|Any CPU
		{FDDAF1A4-B834-4AE0-B6A6-A6212E81A1CB}.Release|Any CPU.ActiveCfg = Release|Any CPU
		{FDDAF1A4-B834-4AE0-B6A6-A6212E81A1CB}.Release|Any CPU.Build.0 = Release|Any CPU
		{EE823F82-463D-4EDA-A421-C16BC180BBFA}.Debug|Any CPU.ActiveCfg = Debug|Any CPU
		{EE823F82-463D-4EDA-A421-C16BC180BBFA}.Debug|Any CPU.Build.0 = Debug|Any CPU
		{EE823F82-463D-4EDA-A421-C16BC180BBFA}.Release|Any CPU.ActiveCfg = Release|Any CPU
		{EE823F82-463D-4EDA-A421-C16BC180BBFA}.Release|Any CPU.Build.0 = Release|Any CPU
		{434D06C5-2869-4790-9BAA-A0C6E8BEC36C}.Debug|Any CPU.ActiveCfg = Debug|Any CPU
		{434D06C5-2869-4790-9BAA-A0C6E8BEC36C}.Debug|Any CPU.Build.0 = Debug|Any CPU
		{434D06C5-2869-4790-9BAA-A0C6E8BEC36C}.Release|Any CPU.ActiveCfg = Release|Any CPU
		{434D06C5-2869-4790-9BAA-A0C6E8BEC36C}.Release|Any CPU.Build.0 = Release|Any CPU
		{0D08BAC3-26FA-43EB-950B-6A62D57E80B9}.Debug|Any CPU.ActiveCfg = Debug|Any CPU
		{0D08BAC3-26FA-43EB-950B-6A62D57E80B9}.Debug|Any CPU.Build.0 = Debug|Any CPU
		{0D08BAC3-26FA-43EB-950B-6A62D57E80B9}.Release|Any CPU.ActiveCfg = Release|Any CPU
		{0D08BAC3-26FA-43EB-950B-6A62D57E80B9}.Release|Any CPU.Build.0 = Release|Any CPU
		{F8F58366-52C7-4E4D-BAFD-C1FC9623791F}.Debug|Any CPU.ActiveCfg = Debug|Any CPU
		{F8F58366-52C7-4E4D-BAFD-C1FC9623791F}.Debug|Any CPU.Build.0 = Debug|Any CPU
		{F8F58366-52C7-4E4D-BAFD-C1FC9623791F}.Release|Any CPU.ActiveCfg = Release|Any CPU
		{F8F58366-52C7-4E4D-BAFD-C1FC9623791F}.Release|Any CPU.Build.0 = Release|Any CPU
	EndGlobalSection
	GlobalSection(SolutionProperties) = preSolution
		HideSolutionNode = FALSE
	EndGlobalSection
	GlobalSection(NestedProjects) = preSolution
		{DB09FF11-EEAC-48E4-8077-8F352B33F632} = {CB1DDCA5-7FC9-4556-81D1-CDBE57FB08D3}
		{642967E3-B220-4515-9F36-F502C84B9A5D} = {CB1DDCA5-7FC9-4556-81D1-CDBE57FB08D3}
		{F6346655-94B8-425A-BCFD-E6AA6041EBDE} = {C936E8B4-CA56-4195-8133-53C599A9B84C}
		{209E1688-0E83-4BF0-BEDA-E3062D63132F} = {7BF53660-86B8-46AD-952E-2A578FD7B7E3}
		{FDDAF1A4-B834-4AE0-B6A6-A6212E81A1CB} = {7BF53660-86B8-46AD-952E-2A578FD7B7E3}
		{EE823F82-463D-4EDA-A421-C16BC180BBFA} = {E7348A2D-089F-4747-9E4E-65B2CECC0BEA}
		{434D06C5-2869-4790-9BAA-A0C6E8BEC36C} = {E7348A2D-089F-4747-9E4E-65B2CECC0BEA}
		{0D08BAC3-26FA-43EB-950B-6A62D57E80B9} = {BADCF5B5-F01E-4047-BED1-5949716056F9}
		{F8F58366-52C7-4E4D-BAFD-C1FC9623791F} = {BADCF5B5-F01E-4047-BED1-5949716056F9}
	EndGlobalSection
	GlobalSection(ExtensibilityGlobals) = postSolution
		SolutionGuid = {3527AD37-31E6-4830-A8CF-D675A5E34E4F}
	EndGlobalSection
EndGlobal
