
Microsoft Visual Studio Solution File, Format Version 12.00
# Visual Studio 15
Project("{2150E333-8FDC-42A3-9474-1A3956D46DE8}") = "Jabo.WebSite", "Jabo.WebSite", "{CB1DDCA5-7FC9-4556-81D1-CDBE57FB08D3}"
EndProject
Project("{2150E333-8FDC-42A3-9474-1A3956D46DE8}") = "Jabo.Tools", "Jabo.Tools", "{C936E8B4-CA56-4195-8133-53C599A9B84C}"
EndProject
Project("{2150E333-8FDC-42A3-9474-1A3956D46DE8}") = "Jabo.Reference", "Jabo.Reference", "{7BF53660-86B8-46AD-952E-2A578FD7B7E3}"
EndProject
Project("{FAE04EC0-301F-11D3-BF4B-00C04F79EFBC}") = "Jabo.Core", "Jabo.Core\Jabo.Core.csproj", "{DB09FF11-EEAC-48E4-8077-8F352B33F632}"
EndProject
Project("{FAE04EC0-301F-11D3-BF4B-00C04F79EFBC}") = "Jabo.Console", "Jabo.Console\Jabo.Console.csproj", "{642967E3-B220-4515-9F36-F502C84B9A5D}"
EndProject
Project("{FAE04EC0-301F-11D3-BF4B-00C04F79EFBC}") = "Jabo.Tools", "Jabo.Tools\Jabo.Tools.csproj", "{F6346655-94B8-425A-BCFD-E6AA6041EBDE}"
EndProject
Project("{FAE04EC0-301F-11D3-BF4B-00C04F79EFBC}") = "Jabo.Dapper", "Jabo.Dapper\Jabo.Dapper.csproj", "{209E1688-0E83-4BF0-BEDA-E3062D63132F}"
EndProject
Project("{FAE04EC0-301F-11D3-BF4B-00C04F79EFBC}") = "Jabo.Redis", "Jabo.Redis\Jabo.Redis.csproj", "{FDDAF1A4-B834-4AE0-B6A6-A6212E81A1CB}"
EndProject
Global
	GlobalSection(SolutionConfigurationPlatforms) = preSolution
		Debug|Any CPU = Debug|Any CPU
		Release|Any CPU = Release|Any CPU
	EndGlobalSection
	GlobalSection(ProjectConfigurationPlatforms) = postSolution
		{DB09FF11-EEAC-48E4-8077-8F352B33F632}.Debug|Any CPU.ActiveCfg = Debug|Any CPU
		{DB09FF11-EEAC-48E4-8077-8F352B33F632}.Debug|Any CPU.Build.0 = Debug|Any CPU
		{DB09FF11-EEAC-48E4-8077-8F352B33F632}.Release|Any CPU.ActiveCfg = Release|Any CPU
		{DB09FF11-EEAC-48E4-8077-8F352B33F632}.Release|Any CPU.Build.0 = Release|Any CPU
		{642967E3-B220-4515-9F36-F502C84B9A5D}.Debug|Any CPU.ActiveCfg = Debug|Any CPU
		{642967E3-B220-4515-9F36-F502C84B9A5D}.Debug|Any CPU.Build.0 = Debug|Any CPU
		{642967E3-B220-4515-9F36-F502C84B9A5D}.Release|Any CPU.ActiveCfg = Release|Any CPU
		{642967E3-B220-4515-9F36-F502C84B9A5D}.Release|Any CPU.Build.0 = Release|Any CPU
		{F6346655-94B8-425A-BCFD-E6AA6041EBDE}.Debug|Any CPU.ActiveCfg = Debug|Any CPU
		{F6346655-94B8-425A-BCFD-E6AA6041EBDE}.Debug|Any CPU.Build.0 = Debug|Any CPU
		{F6346655-94B8-425A-BCFD-E6AA6041EBDE}.Release|Any CPU.ActiveCfg = Release|Any CPU
		{F6346655-94B8-425A-BCFD-E6AA6041EBDE}.Release|Any CPU.Build.0 = Release|Any CPU
		{209E1688-0E83-4BF0-BEDA-E3062D63132F}.Debug|Any CPU.ActiveCfg = Debug|Any CPU
		{209E1688-0E83-4BF0-BEDA-E3062D63132F}.Debug|Any CPU.Build.0 = Debug|Any CPU
		{209E1688-0E83-4BF0-BEDA-E3062D63132F}.Release|Any CPU.ActiveCfg = Release|Any CPU
		{209E1688-0E83-4BF0-BEDA-E3062D63132F}.Release|Any CPU.Build.0 = Release|Any CPU
		{FDDAF1A4-B834-4AE0-B6A6-A6212E81A1CB}.Debug|Any CPU.ActiveCfg = Debug|Any CPU
		{FDDAF1A4-B834-4AE0-B6A6-A6212E81A1CB}.Debug|Any CPU.Build.0 = Debug|Any CPU
		{FDDAF1A4-B834-4AE0-B6A6-A6212E81A1CB}.Release|Any CPU.ActiveCfg = Release|Any CPU
		{FDDAF1A4-B834-4AE0-B6A6-A6212E81A1CB}.Release|Any CPU.Build.0 = Release|Any CPU
	EndGlobalSection
	GlobalSection(NestedProjects) = preSolution
		{DB09FF11-EEAC-48E4-8077-8F352B33F632} = {CB1DDCA5-7FC9-4556-81D1-CDBE57FB08D3}
		{642967E3-B220-4515-9F36-F502C84B9A5D} = {CB1DDCA5-7FC9-4556-81D1-CDBE57FB08D3}
		{F6346655-94B8-425A-BCFD-E6AA6041EBDE} = {C936E8B4-CA56-4195-8133-53C599A9B84C}
		{209E1688-0E83-4BF0-BEDA-E3062D63132F} = {7BF53660-86B8-46AD-952E-2A578FD7B7E3}
		{FDDAF1A4-B834-4AE0-B6A6-A6212E81A1CB} = {7BF53660-86B8-46AD-952E-2A578FD7B7E3}
	EndGlobalSection
EndGlobal
